// !$*UTF8*$!
{
	archiveVersion = 1;
	classes = {
	};
	objectVersion = 48;
	objects = {

/* Begin PBXBuildFile section */
		18252B3D20D58D8E00F86D1B /* AppDelegate.swift in Sources */ = {isa = PBXBuildFile; fileRef = 18252B3C20D58D8E00F86D1B /* AppDelegate.swift */; };
		18252B3F20D58D8E00F86D1B /* PhotoAlbumViewController.swift in Sources */ = {isa = PBXBuildFile; fileRef = 18252B3E20D58D8E00F86D1B /* PhotoAlbumViewController.swift */; };
		18252B4220D58D8E00F86D1B /* Main.storyboard in Resources */ = {isa = PBXBuildFile; fileRef = 18252B4020D58D8E00F86D1B /* Main.storyboard */; };
		18252B4520D58D8E00F86D1B /* Virtual_Tourist.xcdatamodeld in Sources */ = {isa = PBXBuildFile; fileRef = 18252B4320D58D8E00F86D1B /* Virtual_Tourist.xcdatamodeld */; };
		18252B4720D58D8E00F86D1B /* Assets.xcassets in Resources */ = {isa = PBXBuildFile; fileRef = 18252B4620D58D8E00F86D1B /* Assets.xcassets */; };
		18252B4A20D58D8E00F86D1B /* LaunchScreen.storyboard in Resources */ = {isa = PBXBuildFile; fileRef = 18252B4820D58D8E00F86D1B /* LaunchScreen.storyboard */; };
		18252B5520D5905C00F86D1B /* FlickerConstants.swift in Sources */ = {isa = PBXBuildFile; fileRef = 18252B5420D5905C00F86D1B /* FlickerConstants.swift */; };
		18252B5720D5906D00F86D1B /* FlickerClient.swift in Sources */ = {isa = PBXBuildFile; fileRef = 18252B5620D5906D00F86D1B /* FlickerClient.swift */; };
		18252B5920D5909B00F86D1B /* FlickerConvenience.swift in Sources */ = {isa = PBXBuildFile; fileRef = 18252B5820D5909B00F86D1B /* FlickerConvenience.swift */; };
		18252B5E20D5975500F86D1B /* GCDBlackBox.swift in Sources */ = {isa = PBXBuildFile; fileRef = 18252B5D20D5975500F86D1B /* GCDBlackBox.swift */; };
		18252B6120D6268A00F86D1B /* TravelLocationsMapViewController.swift in Sources */ = {isa = PBXBuildFile; fileRef = 18252B6020D6268A00F86D1B /* TravelLocationsMapViewController.swift */; };
		18252B6420D63F0900F86D1B /* MapKit.framework in Frameworks */ = {isa = PBXBuildFile; fileRef = 18252B6320D63F0900F86D1B /* MapKit.framework */; };
		18B989C720D95BAB00854BB7 /* PinCoordinate.swift in Sources */ = {isa = PBXBuildFile; fileRef = 18B989C620D95BAB00854BB7 /* PinCoordinate.swift */; };
		18B989CB20DA4A0000854BB7 /* SharedData.swift in Sources */ = {isa = PBXBuildFile; fileRef = 18B989CA20DA4A0000854BB7 /* SharedData.swift */; };
		18B989CD20DA799800854BB7 /* DataController.swift in Sources */ = {isa = PBXBuildFile; fileRef = 18B989CC20DA799800854BB7 /* DataController.swift */; };
/* End PBXBuildFile section */

/* Begin PBXFileReference section */
		18252B3920D58D8E00F86D1B /* Virtual Tourist.app */ = {isa = PBXFileReference; explicitFileType = wrapper.application; includeInIndex = 0; path = "Virtual Tourist.app"; sourceTree = BUILT_PRODUCTS_DIR; };
		18252B3C20D58D8E00F86D1B /* AppDelegate.swift */ = {isa = PBXFileReference; lastKnownFileType = sourcecode.swift; path = AppDelegate.swift; sourceTree = "<group>"; };
		18252B3E20D58D8E00F86D1B /* PhotoAlbumViewController.swift */ = {isa = PBXFileReference; lastKnownFileType = sourcecode.swift; path = PhotoAlbumViewController.swift; sourceTree = "<group>"; };
		18252B4120D58D8E00F86D1B /* Base */ = {isa = PBXFileReference; lastKnownFileType = file.storyboard; name = Base; path = Base.lproj/Main.storyboard; sourceTree = "<group>"; };
		18252B4420D58D8E00F86D1B /* Virtual_Tourist.xcdatamodel */ = {isa = PBXFileReference; lastKnownFileType = wrapper.xcdatamodel; path = Virtual_Tourist.xcdatamodel; sourceTree = "<group>"; };
		18252B4620D58D8E00F86D1B /* Assets.xcassets */ = {isa = PBXFileReference; lastKnownFileType = folder.assetcatalog; path = Assets.xcassets; sourceTree = "<group>"; };
		18252B4920D58D8E00F86D1B /* Base */ = {isa = PBXFileReference; lastKnownFileType = file.storyboard; name = Base; path = Base.lproj/LaunchScreen.storyboard; sourceTree = "<group>"; };
		18252B4B20D58D8E00F86D1B /* Info.plist */ = {isa = PBXFileReference; lastKnownFileType = text.plist.xml; path = Info.plist; sourceTree = "<group>"; };
		18252B5420D5905C00F86D1B /* FlickerConstants.swift */ = {isa = PBXFileReference; lastKnownFileType = sourcecode.swift; path = FlickerConstants.swift; sourceTree = "<group>"; };
		18252B5620D5906D00F86D1B /* FlickerClient.swift */ = {isa = PBXFileReference; lastKnownFileType = sourcecode.swift; path = FlickerClient.swift; sourceTree = "<group>"; };
		18252B5820D5909B00F86D1B /* FlickerConvenience.swift */ = {isa = PBXFileReference; lastKnownFileType = sourcecode.swift; path = FlickerConvenience.swift; sourceTree = "<group>"; };
		18252B5D20D5975500F86D1B /* GCDBlackBox.swift */ = {isa = PBXFileReference; lastKnownFileType = sourcecode.swift; path = GCDBlackBox.swift; sourceTree = "<group>"; };
		18252B6020D6268A00F86D1B /* TravelLocationsMapViewController.swift */ = {isa = PBXFileReference; lastKnownFileType = sourcecode.swift; path = TravelLocationsMapViewController.swift; sourceTree = "<group>"; };
		18252B6320D63F0900F86D1B /* MapKit.framework */ = {isa = PBXFileReference; lastKnownFileType = wrapper.framework; name = MapKit.framework; path = System/Library/Frameworks/MapKit.framework; sourceTree = SDKROOT; };
		18B989C620D95BAB00854BB7 /* PinCoordinate.swift */ = {isa = PBXFileReference; lastKnownFileType = sourcecode.swift; path = PinCoordinate.swift; sourceTree = "<group>"; };
		18B989CA20DA4A0000854BB7 /* SharedData.swift */ = {isa = PBXFileReference; lastKnownFileType = sourcecode.swift; path = SharedData.swift; sourceTree = "<group>"; };
		18B989CC20DA799800854BB7 /* DataController.swift */ = {isa = PBXFileReference; lastKnownFileType = sourcecode.swift; path = DataController.swift; sourceTree = "<group>"; };
/* End PBXFileReference section */

/* Begin PBXFrameworksBuildPhase section */
		18252B3620D58D8E00F86D1B /* Frameworks */ = {
			isa = PBXFrameworksBuildPhase;
			buildActionMask = 2147483647;
			files = (
				18252B6420D63F0900F86D1B /* MapKit.framework in Frameworks */,
			);
			runOnlyForDeploymentPostprocessing = 0;
		};
/* End PBXFrameworksBuildPhase section */

/* Begin PBXGroup section */
		18252B3020D58D8E00F86D1B = {
			isa = PBXGroup;
			children = (
				18252B3B20D58D8E00F86D1B /* Virtual Tourist */,
				18252B3A20D58D8E00F86D1B /* Products */,
				18252B6220D63F0900F86D1B /* Frameworks */,
			);
			sourceTree = "<group>";
		};
		18252B3A20D58D8E00F86D1B /* Products */ = {
			isa = PBXGroup;
			children = (
				18252B3920D58D8E00F86D1B /* Virtual Tourist.app */,
			);
			name = Products;
			sourceTree = "<group>";
		};
		18252B3B20D58D8E00F86D1B /* Virtual Tourist */ = {
			isa = PBXGroup;
			children = (
				18252B3C20D58D8E00F86D1B /* AppDelegate.swift */,
				18252B5D20D5975500F86D1B /* GCDBlackBox.swift */,
				18252B5120D5901200F86D1B /* Model */,
				18252B5B20D590EF00F86D1B /* View */,
				18252B5A20D590B600F86D1B /* Controller */,
				18252B5C20D5910600F86D1B /* Assets */,
				18252B5F20D5978200F86D1B /* Supporting Files */,
			);
			path = "Virtual Tourist";
			sourceTree = "<group>";
		};
		18252B5120D5901200F86D1B /* Model */ = {
			isa = PBXGroup;
			children = (
				18B989C520D95B7600854BB7 /* Managed Object Extensions */,
				18252B4320D58D8E00F86D1B /* Virtual_Tourist.xcdatamodeld */,
				18B989CC20DA799800854BB7 /* DataController.swift */,
				18252B5220D5902000F86D1B /* Clients */,
			);
			path = Model;
			sourceTree = "<group>";
		};
		18252B5220D5902000F86D1B /* Clients */ = {
			isa = PBXGroup;
			children = (
				18252B5320D5902A00F86D1B /* Flicker */,
			);
			path = Clients;
			sourceTree = "<group>";
		};
		18252B5320D5902A00F86D1B /* Flicker */ = {
			isa = PBXGroup;
			children = (
				18252B5420D5905C00F86D1B /* FlickerConstants.swift */,
				18252B5620D5906D00F86D1B /* FlickerClient.swift */,
				18252B5820D5909B00F86D1B /* FlickerConvenience.swift */,
			);
			path = Flicker;
			sourceTree = "<group>";
		};
		18252B5A20D590B600F86D1B /* Controller */ = {
			isa = PBXGroup;
			children = (
				18252B3E20D58D8E00F86D1B /* PhotoAlbumViewController.swift */,
				18252B6020D6268A00F86D1B /* TravelLocationsMapViewController.swift */,
			);
			path = Controller;
			sourceTree = "<group>";
		};
		18252B5B20D590EF00F86D1B /* View */ = {
			isa = PBXGroup;
			children = (
			);
			path = View;
			sourceTree = "<group>";
		};
		18252B5C20D5910600F86D1B /* Assets */ = {
			isa = PBXGroup;
			children = (
				18252B4020D58D8E00F86D1B /* Main.storyboard */,
				18252B4620D58D8E00F86D1B /* Assets.xcassets */,
				18252B4820D58D8E00F86D1B /* LaunchScreen.storyboard */,
			);
			path = Assets;
			sourceTree = "<group>";
		};
		18252B5F20D5978200F86D1B /* Supporting Files */ = {
			isa = PBXGroup;
			children = (
				18252B4B20D58D8E00F86D1B /* Info.plist */,
			);
			path = "Supporting Files";
			sourceTree = "<group>";
		};
		18252B6220D63F0900F86D1B /* Frameworks */ = {
			isa = PBXGroup;
			children = (
				18252B6320D63F0900F86D1B /* MapKit.framework */,
			);
			name = Frameworks;
			sourceTree = "<group>";
		};
		18B989C520D95B7600854BB7 /* Managed Object Extensions */ = {
			isa = PBXGroup;
			children = (
				18B989C620D95BAB00854BB7 /* PinCoordinate.swift */,
				18B989CA20DA4A0000854BB7 /* SharedData.swift */,
			);
			path = "Managed Object Extensions";
			sourceTree = "<group>";
		};
/* End PBXGroup section */

/* Begin PBXNativeTarget section */
		18252B3820D58D8E00F86D1B /* Virtual Tourist */ = {
			isa = PBXNativeTarget;
			buildConfigurationList = 18252B4E20D58D8E00F86D1B /* Build configuration list for PBXNativeTarget "Virtual Tourist" */;
			buildPhases = (
				18252B3520D58D8E00F86D1B /* Sources */,
				18252B3620D58D8E00F86D1B /* Frameworks */,
				18252B3720D58D8E00F86D1B /* Resources */,
			);
			buildRules = (
			);
			dependencies = (
			);
			name = "Virtual Tourist";
			productName = "Virtual Tourist";
			productReference = 18252B3920D58D8E00F86D1B /* Virtual Tourist.app */;
			productType = "com.apple.product-type.application";
		};
/* End PBXNativeTarget section */

/* Begin PBXProject section */
		18252B3120D58D8E00F86D1B /* Project object */ = {
			isa = PBXProject;
			attributes = {
				LastSwiftUpdateCheck = 0900;
				LastUpgradeCheck = 0900;
				ORGANIZATIONNAME = Apple;
				TargetAttributes = {
					18252B3820D58D8E00F86D1B = {
						CreatedOnToolsVersion = 9.0;
						ProvisioningStyle = Automatic;
						SystemCapabilities = {
							com.apple.Maps.iOS = {
								enabled = 1;
							};
						};
					};
				};
			};
			buildConfigurationList = 18252B3420D58D8E00F86D1B /* Build configuration list for PBXProject "Virtual Tourist" */;
			compatibilityVersion = "Xcode 8.0";
			developmentRegion = en;
			hasScannedForEncodings = 0;
			knownRegions = (
				en,
				Base,
			);
			mainGroup = 18252B3020D58D8E00F86D1B;
			productRefGroup = 18252B3A20D58D8E00F86D1B /* Products */;
			projectDirPath = "";
			projectRoot = "";
			targets = (
				18252B3820D58D8E00F86D1B /* Virtual Tourist */,
			);
		};
/* End PBXProject section */

/* Begin PBXResourcesBuildPhase section */
		18252B3720D58D8E00F86D1B /* Resources */ = {
			isa = PBXResourcesBuildPhase;
			buildActionMask = 2147483647;
			files = (
				18252B4A20D58D8E00F86D1B /* LaunchScreen.storyboard in Resources */,
				18252B4720D58D8E00F86D1B /* Assets.xcassets in Resources */,
				18252B4220D58D8E00F86D1B /* Main.storyboard in Resources */,
			);
			runOnlyForDeploymentPostprocessing = 0;
		};
/* End PBXResourcesBuildPhase section */

/* Begin PBXSourcesBuildPhase section */
		18252B3520D58D8E00F86D1B /* Sources */ = {
			isa = PBXSourcesBuildPhase;
			buildActionMask = 2147483647;
			files = (
				18252B6120D6268A00F86D1B /* TravelLocationsMapViewController.swift in Sources */,
				18252B5720D5906D00F86D1B /* FlickerClient.swift in Sources */,
				18B989C720D95BAB00854BB7 /* PinCoordinate.swift in Sources */,
				18252B3F20D58D8E00F86D1B /* PhotoAlbumViewController.swift in Sources */,
				18252B5920D5909B00F86D1B /* FlickerConvenience.swift in Sources */,
				18B989CD20DA799800854BB7 /* DataController.swift in Sources */,
				18252B4520D58D8E00F86D1B /* Virtual_Tourist.xcdatamodeld in Sources */,
				18252B5520D5905C00F86D1B /* FlickerConstants.swift in Sources */,
				18252B3D20D58D8E00F86D1B /* AppDelegate.swift in Sources */,
				18B989CB20DA4A0000854BB7 /* SharedData.swift in Sources */,
				18252B5E20D5975500F86D1B /* GCDBlackBox.swift in Sources */,
			);
			runOnlyForDeploymentPostprocessing = 0;
		};
/* End PBXSourcesBuildPhase section */

/* Begin PBXVariantGroup section */
		18252B4020D58D8E00F86D1B /* Main.storyboard */ = {
			isa = PBXVariantGroup;
			children = (
				18252B4120D58D8E00F86D1B /* Base */,
			);
			name = Main.storyboard;
			sourceTree = "<group>";
		};
		18252B4820D58D8E00F86D1B /* LaunchScreen.storyboard */ = {
			isa = PBXVariantGroup;
			children = (
				18252B4920D58D8E00F86D1B /* Base */,
			);
			name = LaunchScreen.storyboard;
			sourceTree = "<group>";
		};
/* End PBXVariantGroup section */

/* Begin XCBuildConfiguration section */
		18252B4C20D58D8E00F86D1B /* Debug */ = {
			isa = XCBuildConfiguration;
			buildSettings = {
				ALWAYS_SEARCH_USER_PATHS = NO;
				CLANG_ANALYZER_NONNULL = YES;
				CLANG_ANALYZER_NUMBER_OBJECT_CONVERSION = YES_AGGRESSIVE;
				CLANG_CXX_LANGUAGE_STANDARD = "gnu++14";
				CLANG_CXX_LIBRARY = "libc++";
				CLANG_ENABLE_MODULES = YES;
				CLANG_ENABLE_OBJC_ARC = YES;
				CLANG_WARN_BLOCK_CAPTURE_AUTORELEASING = YES;
				CLANG_WARN_BOOL_CONVERSION = YES;
				CLANG_WARN_COMMA = YES;
				CLANG_WARN_CONSTANT_CONVERSION = YES;
				CLANG_WARN_DIRECT_OBJC_ISA_USAGE = YES_ERROR;
				CLANG_WARN_DOCUMENTATION_COMMENTS = YES;
				CLANG_WARN_EMPTY_BODY = YES;
				CLANG_WARN_ENUM_CONVERSION = YES;
				CLANG_WARN_INFINITE_RECURSION = YES;
				CLANG_WARN_INT_CONVERSION = YES;
				CLANG_WARN_NON_LITERAL_NULL_CONVERSION = YES;
				CLANG_WARN_OBJC_LITERAL_CONVERSION = YES;
				CLANG_WARN_OBJC_ROOT_CLASS = YES_ERROR;
				CLANG_WARN_RANGE_LOOP_ANALYSIS = YES;
				CLANG_WARN_STRICT_PROTOTYPES = YES;
				CLANG_WARN_SUSPICIOUS_MOVE = YES;
				CLANG_WARN_UNGUARDED_AVAILABILITY = YES_AGGRESSIVE;
				CLANG_WARN_UNREACHABLE_CODE = YES;
				CLANG_WARN__DUPLICATE_METHOD_MATCH = YES;
				CODE_SIGN_IDENTITY = "iPhone Developer";
				COPY_PHASE_STRIP = NO;
				DEBUG_INFORMATION_FORMAT = dwarf;
				ENABLE_STRICT_OBJC_MSGSEND = YES;
				ENABLE_TESTABILITY = YES;
				GCC_C_LANGUAGE_STANDARD = gnu11;
				GCC_DYNAMIC_NO_PIC = NO;
				GCC_NO_COMMON_BLOCKS = YES;
				GCC_OPTIMIZATION_LEVEL = 0;
				GCC_PREPROCESSOR_DEFINITIONS = (
					"DEBUG=1",
					"$(inherited)",
				);
				GCC_WARN_64_TO_32_BIT_CONVERSION = YES;
				GCC_WARN_ABOUT_RETURN_TYPE = YES_ERROR;
				GCC_WARN_UNDECLARED_SELECTOR = YES;
				GCC_WARN_UNINITIALIZED_AUTOS = YES_AGGRESSIVE;
				GCC_WARN_UNUSED_FUNCTION = YES;
				GCC_WARN_UNUSED_VARIABLE = YES;
				IPHONEOS_DEPLOYMENT_TARGET = 11.0;
				MTL_ENABLE_DEBUG_INFO = YES;
				ONLY_ACTIVE_ARCH = YES;
				SDKROOT = iphoneos;
				SWIFT_ACTIVE_COMPILATION_CONDITIONS = DEBUG;
				SWIFT_OPTIMIZATION_LEVEL = "-Onone";
			};
			name = Debug;
		};
		18252B4D20D58D8E00F86D1B /* Release */ = {
			isa = XCBuildConfiguration;
			buildSettings = {
				ALWAYS_SEARCH_USER_PATHS = NO;
				CLANG_ANALYZER_NONNULL = YES;
				CLANG_ANALYZER_NUMBER_OBJECT_CONVERSION = YES_AGGRESSIVE;
				CLANG_CXX_LANGUAGE_STANDARD = "gnu++14";
				CLANG_CXX_LIBRARY = "libc++";
				CLANG_ENABLE_MODULES = YES;
				CLANG_ENABLE_OBJC_ARC = YES;
				CLANG_WARN_BLOCK_CAPTURE_AUTORELEASING = YES;
				CLANG_WARN_BOOL_CONVERSION = YES;
				CLANG_WARN_COMMA = YES;
				CLANG_WARN_CONSTANT_CONVERSION = YES;
				CLANG_WARN_DIRECT_OBJC_ISA_USAGE = YES_ERROR;
				CLANG_WARN_DOCUMENTATION_COMMENTS = YES;
				CLANG_WARN_EMPTY_BODY = YES;
				CLANG_WARN_ENUM_CONVERSION = YES;
				CLANG_WARN_INFINITE_RECURSION = YES;
				CLANG_WARN_INT_CONVERSION = YES;
				CLANG_WARN_NON_LITERAL_NULL_CONVERSION = YES;
				CLANG_WARN_OBJC_LITERAL_CONVERSION = YES;
				CLANG_WARN_OBJC_ROOT_CLASS = YES_ERROR;
				CLANG_WARN_RANGE_LOOP_ANALYSIS = YES;
				CLANG_WARN_STRICT_PROTOTYPES = YES;
				CLANG_WARN_SUSPICIOUS_MOVE = YES;
				CLANG_WARN_UNGUARDED_AVAILABILITY = YES_AGGRESSIVE;
				CLANG_WARN_UNREACHABLE_CODE = YES;
				CLANG_WARN__DUPLICATE_METHOD_MATCH = YES;
				CODE_SIGN_IDENTITY = "iPhone Developer";
				COPY_PHASE_STRIP = NO;
				DEBUG_INFORMATION_FORMAT = "dwarf-with-dsym";
				ENABLE_NS_ASSERTIONS = NO;
				ENABLE_STRICT_OBJC_MSGSEND = YES;
				GCC_C_LANGUAGE_STANDARD = gnu11;
				GCC_NO_COMMON_BLOCKS = YES;
				GCC_WARN_64_TO_32_BIT_CONVERSION = YES;
				GCC_WARN_ABOUT_RETURN_TYPE = YES_ERROR;
				GCC_WARN_UNDECLARED_SELECTOR = YES;
				GCC_WARN_UNINITIALIZED_AUTOS = YES_AGGRESSIVE;
				GCC_WARN_UNUSED_FUNCTION = YES;
				GCC_WARN_UNUSED_VARIABLE = YES;
				IPHONEOS_DEPLOYMENT_TARGET = 11.0;
				MTL_ENABLE_DEBUG_INFO = NO;
				SDKROOT = iphoneos;
				SWIFT_OPTIMIZATION_LEVEL = "-Owholemodule";
				VALIDATE_PRODUCT = YES;
			};
			name = Release;
		};
		18252B4F20D58D8E00F86D1B /* Debug */ = {
			isa = XCBuildConfiguration;
			buildSettings = {
				ASSETCATALOG_COMPILER_APPICON_NAME = AppIcon;
				CODE_SIGN_STYLE = Automatic;
				DEVELOPMENT_TEAM = T73Z83244E;
				INFOPLIST_FILE = "$(SRCROOT)/Virtual Tourist/Supporting Files/Info.plist";
				LD_RUNPATH_SEARCH_PATHS = "$(inherited) @executable_path/Frameworks";
				PRODUCT_BUNDLE_IDENTIFIER = "com.wt.Virtual-Tourist";
				PRODUCT_NAME = "$(TARGET_NAME)";
				SWIFT_VERSION = 4.0;
				TARGETED_DEVICE_FAMILY = "1,2";
			};
			name = Debug;
		};
		18252B5020D58D8E00F86D1B /* Release */ = {
			isa = XCBuildConfiguration;
			buildSettings = {
				ASSETCATALOG_COMPILER_APPICON_NAME = AppIcon;
				CODE_SIGN_STYLE = Automatic;
				DEVELOPMENT_TEAM = T73Z83244E;
				INFOPLIST_FILE = "$(SRCROOT)/Virtual Tourist/Supporting Files/Info.plist";
				LD_RUNPATH_SEARCH_PATHS = "$(inherited) @executable_path/Frameworks";
				PRODUCT_BUNDLE_IDENTIFIER = "com.wt.Virtual-Tourist";
				PRODUCT_NAME = "$(TARGET_NAME)";
				SWIFT_VERSION = 4.0;
				TARGETED_DEVICE_FAMILY = "1,2";
			};
			name = Release;
		};
/* End XCBuildConfiguration section */

/* Begin XCConfigurationList section */
		18252B3420D58D8E00F86D1B /* Build configuration list for PBXProject "Virtual Tourist" */ = {
			isa = XCConfigurationList;
			buildConfigurations = (
				18252B4C20D58D8E00F86D1B /* Debug */,
				18252B4D20D58D8E00F86D1B /* Release */,
			);
			defaultConfigurationIsVisible = 0;
			defaultConfigurationName = Release;
		};
		18252B4E20D58D8E00F86D1B /* Build configuration list for PBXNativeTarget "Virtual Tourist" */ = {
			isa = XCConfigurationList;
			buildConfigurations = (
				18252B4F20D58D8E00F86D1B /* Debug */,
				18252B5020D58D8E00F86D1B /* Release */,
			);
			defaultConfigurationIsVisible = 0;
			defaultConfigurationName = Release;
		};
/* End XCConfigurationList section */

/* Begin XCVersionGroup section */
		18252B4320D58D8E00F86D1B /* Virtual_Tourist.xcdatamodeld */ = {
			isa = XCVersionGroup;
			children = (
				18252B4420D58D8E00F86D1B /* Virtual_Tourist.xcdatamodel */,
			);
			currentVersion = 18252B4420D58D8E00F86D1B /* Virtual_Tourist.xcdatamodel */;
			path = Virtual_Tourist.xcdatamodeld;
			sourceTree = "<group>";
			versionGroupType = wrapper.xcdatamodel;
		};
/* End XCVersionGroup section */
	};
	rootObject = 18252B3120D58D8E00F86D1B /* Project object */;
}
